// !$*UTF8*$!
{
	archiveVersion = 1;
	classes = {
	};
	objectVersion = 55;
	objects = {

/* Begin PBXBuildFile section */
		406B2922C64D49EB80C68923 /* Pods_videopicker.framework in Frameworks */ = {isa = PBXBuildFile; fileRef = 65348CE7EFD896428839B97E /* Pods_videopicker.framework */; };
		A41385422937524A00039CAD /* videopickerApp.swift in Sources */ = {isa = PBXBuildFile; fileRef = A41385412937524A00039CAD /* videopickerApp.swift */; };
		A41385442937524A00039CAD /* ContentView.swift in Sources */ = {isa = PBXBuildFile; fileRef = A41385432937524A00039CAD /* ContentView.swift */; };
		A41385462937524B00039CAD /* Assets.xcassets in Resources */ = {isa = PBXBuildFile; fileRef = A41385452937524B00039CAD /* Assets.xcassets */; };
		A41385492937524B00039CAD /* Preview Assets.xcassets in Resources */ = {isa = PBXBuildFile; fileRef = A41385482937524B00039CAD /* Preview Assets.xcassets */; };
		A413855029377B6B00039CAD /* CustomCameraExtension.swift in Sources */ = {isa = PBXBuildFile; fileRef = A413854F29377B6B00039CAD /* CustomCameraExtension.swift */; };
/* End PBXBuildFile section */

/* Begin PBXFileReference section */
		65348CE7EFD896428839B97E /* Pods_videopicker.framework */ = {isa = PBXFileReference; explicitFileType = wrapper.framework; includeInIndex = 0; path = Pods_videopicker.framework; sourceTree = BUILT_PRODUCTS_DIR; };
		7E5778CFFF99927A2DEA3148 /* Pods-videopicker.release.xcconfig */ = {isa = PBXFileReference; includeInIndex = 1; lastKnownFileType = text.xcconfig; name = "Pods-videopicker.release.xcconfig"; path = "Target Support Files/Pods-videopicker/Pods-videopicker.release.xcconfig"; sourceTree = "<group>"; };
		A413853E2937524A00039CAD /* videopicker.app */ = {isa = PBXFileReference; explicitFileType = wrapper.application; includeInIndex = 0; path = videopicker.app; sourceTree = BUILT_PRODUCTS_DIR; };
		A41385412937524A00039CAD /* videopickerApp.swift */ = {isa = PBXFileReference; lastKnownFileType = sourcecode.swift; path = videopickerApp.swift; sourceTree = "<group>"; };
		A41385432937524A00039CAD /* ContentView.swift */ = {isa = PBXFileReference; lastKnownFileType = sourcecode.swift; path = ContentView.swift; sourceTree = "<group>"; };
		A41385452937524B00039CAD /* Assets.xcassets */ = {isa = PBXFileReference; lastKnownFileType = folder.assetcatalog; path = Assets.xcassets; sourceTree = "<group>"; };
		A41385482937524B00039CAD /* Preview Assets.xcassets */ = {isa = PBXFileReference; lastKnownFileType = folder.assetcatalog; path = "Preview Assets.xcassets"; sourceTree = "<group>"; };
		A413854F29377B6B00039CAD /* CustomCameraExtension.swift */ = {isa = PBXFileReference; lastKnownFileType = sourcecode.swift; path = CustomCameraExtension.swift; sourceTree = "<group>"; };
		C7DA0171937378DD1D29D047 /* Pods-videopicker.debug.xcconfig */ = {isa = PBXFileReference; includeInIndex = 1; lastKnownFileType = text.xcconfig; name = "Pods-videopicker.debug.xcconfig"; path = "Target Support Files/Pods-videopicker/Pods-videopicker.debug.xcconfig"; sourceTree = "<group>"; };
/* End PBXFileReference section */

/* Begin PBXFrameworksBuildPhase section */
		A413853B2937524A00039CAD /* Frameworks */ = {
			isa = PBXFrameworksBuildPhase;
			buildActionMask = 2147483647;
			files = (
				406B2922C64D49EB80C68923 /* Pods_videopicker.framework in Frameworks */,
			);
			runOnlyForDeploymentPostprocessing = 0;
		};
/* End PBXFrameworksBuildPhase section */

/* Begin PBXGroup section */
		0D328B6F06D83BDC9BA7ADF7 /* Pods */ = {
			isa = PBXGroup;
			children = (
				C7DA0171937378DD1D29D047 /* Pods-videopicker.debug.xcconfig */,
				7E5778CFFF99927A2DEA3148 /* Pods-videopicker.release.xcconfig */,
			);
			path = Pods;
			sourceTree = "<group>";
		};
		1B647E328DB97D5BEA5C5238 /* Frameworks */ = {
			isa = PBXGroup;
			children = (
				65348CE7EFD896428839B97E /* Pods_videopicker.framework */,
			);
			name = Frameworks;
			sourceTree = "<group>";
		};
		A41385352937524A00039CAD = {
			isa = PBXGroup;
			children = (
				A41385402937524A00039CAD /* videopicker */,
				A413853F2937524A00039CAD /* Products */,
				0D328B6F06D83BDC9BA7ADF7 /* Pods */,
				1B647E328DB97D5BEA5C5238 /* Frameworks */,
			);
			sourceTree = "<group>";
		};
		A413853F2937524A00039CAD /* Products */ = {
			isa = PBXGroup;
			children = (
				A413853E2937524A00039CAD /* videopicker.app */,
			);
			name = Products;
			sourceTree = "<group>";
		};
		A41385402937524A00039CAD /* videopicker */ = {
			isa = PBXGroup;
			children = (
				A41385412937524A00039CAD /* videopickerApp.swift */,
				A41385432937524A00039CAD /* ContentView.swift */,
				A41385452937524B00039CAD /* Assets.xcassets */,
				A41385472937524B00039CAD /* Preview Content */,
				A413854F29377B6B00039CAD /* CustomCameraExtension.swift */,
			);
			path = videopicker;
			sourceTree = "<group>";
		};
		A41385472937524B00039CAD /* Preview Content */ = {
			isa = PBXGroup;
			children = (
				A41385482937524B00039CAD /* Preview Assets.xcassets */,
			);
			path = "Preview Content";
			sourceTree = "<group>";
		};
/* End PBXGroup section */

/* Begin PBXNativeTarget section */
		A413853D2937524A00039CAD /* videopicker */ = {
			isa = PBXNativeTarget;
			buildConfigurationList = A413854C2937524B00039CAD /* Build configuration list for PBXNativeTarget "videopicker" */;
			buildPhases = (
				647664F0BD0D7596008327B0 /* [CP] Check Pods Manifest.lock */,
				A413853A2937524A00039CAD /* Sources */,
				A413853B2937524A00039CAD /* Frameworks */,
				A413853C2937524A00039CAD /* Resources */,
				07F5E0142D86F6DDF43560DA /* [CP] Embed Pods Frameworks */,
			);
			buildRules = (
			);
			dependencies = (
			);
			name = videopicker;
			productName = videopicker;
			productReference = A413853E2937524A00039CAD /* videopicker.app */;
			productType = "com.apple.product-type.application";
		};
/* End PBXNativeTarget section */

/* Begin PBXProject section */
		A41385362937524A00039CAD /* Project object */ = {
			isa = PBXProject;
			attributes = {
				BuildIndependentTargetsInParallel = 1;
				LastSwiftUpdateCheck = 1410;
				LastUpgradeCheck = 1410;
				TargetAttributes = {
					A413853D2937524A00039CAD = {
						CreatedOnToolsVersion = 14.1;
					};
				};
			};
			buildConfigurationList = A41385392937524A00039CAD /* Build configuration list for PBXProject "videopicker" */;
			compatibilityVersion = "Xcode 13.0";
			developmentRegion = en;
			hasScannedForEncodings = 0;
			knownRegions = (
				en,
				Base,
			);
			mainGroup = A41385352937524A00039CAD;
			productRefGroup = A413853F2937524A00039CAD /* Products */;
			projectDirPath = "";
			projectRoot = "";
			targets = (
				A413853D2937524A00039CAD /* videopicker */,
			);
		};
/* End PBXProject section */

/* Begin PBXResourcesBuildPhase section */
		A413853C2937524A00039CAD /* Resources */ = {
			isa = PBXResourcesBuildPhase;
			buildActionMask = 2147483647;
			files = (
				A41385492937524B00039CAD /* Preview Assets.xcassets in Resources */,
				A41385462937524B00039CAD /* Assets.xcassets in Resources */,
			);
			runOnlyForDeploymentPostprocessing = 0;
		};
/* End PBXResourcesBuildPhase section */

/* Begin PBXShellScriptBuildPhase section */
		07F5E0142D86F6DDF43560DA /* [CP] Embed Pods Frameworks */ = {
			isa = PBXShellScriptBuildPhase;
			buildActionMask = 2147483647;
			files = (
			);
			inputFileListPaths = (
				"${PODS_ROOT}/Target Support Files/Pods-videopicker/Pods-videopicker-frameworks-${CONFIGURATION}-input-files.xcfilelist",
			);
			name = "[CP] Embed Pods Frameworks";
			outputFileListPaths = (
				"${PODS_ROOT}/Target Support Files/Pods-videopicker/Pods-videopicker-frameworks-${CONFIGURATION}-output-files.xcfilelist",
			);
			runOnlyForDeploymentPostprocessing = 0;
			shellPath = /bin/sh;
			shellScript = "\"${PODS_ROOT}/Target Support Files/Pods-videopicker/Pods-videopicker-frameworks.sh\"\n";
			showEnvVarsInLog = 0;
		};
		647664F0BD0D7596008327B0 /* [CP] Check Pods Manifest.lock */ = {
			isa = PBXShellScriptBuildPhase;
			buildActionMask = 2147483647;
			files = (
			);
			inputFileListPaths = (
			);
			inputPaths = (
				"${PODS_PODFILE_DIR_PATH}/Podfile.lock",
				"${PODS_ROOT}/Manifest.lock",
			);
			name = "[CP] Check Pods Manifest.lock";
			outputFileListPaths = (
			);
			outputPaths = (
				"$(DERIVED_FILE_DIR)/Pods-videopicker-checkManifestLockResult.txt",
			);
			runOnlyForDeploymentPostprocessing = 0;
			shellPath = /bin/sh;
			shellScript = "diff \"${PODS_PODFILE_DIR_PATH}/Podfile.lock\" \"${PODS_ROOT}/Manifest.lock\" > /dev/null\nif [ $? != 0 ] ; then\n    # print error to STDERR\n    echo \"error: The sandbox is not in sync with the Podfile.lock. Run 'pod install' or update your CocoaPods installation.\" >&2\n    exit 1\nfi\n# This output is used by Xcode 'outputs' to avoid re-running this script phase.\necho \"SUCCESS\" > \"${SCRIPT_OUTPUT_FILE_0}\"\n";
			showEnvVarsInLog = 0;
		};
/* End PBXShellScriptBuildPhase section */

/* Begin PBXSourcesBuildPhase section */
		A413853A2937524A00039CAD /* Sources */ = {
			isa = PBXSourcesBuildPhase;
			buildActionMask = 2147483647;
			files = (
				A413855029377B6B00039CAD /* CustomCameraExtension.swift in Sources */,
				A41385442937524A00039CAD /* ContentView.swift in Sources */,
				A41385422937524A00039CAD /* videopickerApp.swift in Sources */,
			);
			runOnlyForDeploymentPostprocessing = 0;
		};
/* End PBXSourcesBuildPhase section */

/* Begin XCBuildConfiguration section */
		A413854A2937524B00039CAD /* Debug */ = {
			isa = XCBuildConfiguration;
			buildSettings = {
				ALWAYS_SEARCH_USER_PATHS = NO;
				CLANG_ANALYZER_NONNULL = YES;
				CLANG_ANALYZER_NUMBER_OBJECT_CONVERSION = YES_AGGRESSIVE;
				CLANG_CXX_LANGUAGE_STANDARD = "gnu++20";
				CLANG_ENABLE_MODULES = YES;
				CLANG_ENABLE_OBJC_ARC = YES;
				CLANG_ENABLE_OBJC_WEAK = YES;
				CLANG_WARN_BLOCK_CAPTURE_AUTORELEASING = YES;
				CLANG_WARN_BOOL_CONVERSION = YES;
				CLANG_WARN_COMMA = YES;
				CLANG_WARN_CONSTANT_CONVERSION = YES;
				CLANG_WARN_DEPRECATED_OBJC_IMPLEMENTATIONS = YES;
				CLANG_WARN_DIRECT_OBJC_ISA_USAGE = YES_ERROR;
				CLANG_WARN_DOCUMENTATION_COMMENTS = YES;
				CLANG_WARN_EMPTY_BODY = YES;
				CLANG_WARN_ENUM_CONVERSION = YES;
				CLANG_WARN_INFINITE_RECURSION = YES;
				CLANG_WARN_INT_CONVERSION = YES;
				CLANG_WARN_NON_LITERAL_NULL_CONVERSION = YES;
				CLANG_WARN_OBJC_IMPLICIT_RETAIN_SELF = YES;
				CLANG_WARN_OBJC_LITERAL_CONVERSION = YES;
				CLANG_WARN_OBJC_ROOT_CLASS = YES_ERROR;
				CLANG_WARN_QUOTED_INCLUDE_IN_FRAMEWORK_HEADER = YES;
				CLANG_WARN_RANGE_LOOP_ANALYSIS = YES;
				CLANG_WARN_STRICT_PROTOTYPES = YES;
				CLANG_WARN_SUSPICIOUS_MOVE = YES;
				CLANG_WARN_UNGUARDED_AVAILABILITY = YES_AGGRESSIVE;
				CLANG_WARN_UNREACHABLE_CODE = YES;
				CLANG_WARN__DUPLICATE_METHOD_MATCH = YES;
				COPY_PHASE_STRIP = NO;
				DEBUG_INFORMATION_FORMAT = dwarf;
				ENABLE_STRICT_OBJC_MSGSEND = YES;
				ENABLE_TESTABILITY = YES;
				GCC_C_LANGUAGE_STANDARD = gnu11;
				GCC_DYNAMIC_NO_PIC = NO;
				GCC_NO_COMMON_BLOCKS = YES;
				GCC_OPTIMIZATION_LEVEL = 0;
				GCC_PREPROCESSOR_DEFINITIONS = (
					"DEBUG=1",
					"$(inherited)",
				);
				GCC_WARN_64_TO_32_BIT_CONVERSION = YES;
				GCC_WARN_ABOUT_RETURN_TYPE = YES_ERROR;
				GCC_WARN_UNDECLARED_SELECTOR = YES;
				GCC_WARN_UNINITIALIZED_AUTOS = YES_AGGRESSIVE;
				GCC_WARN_UNUSED_FUNCTION = YES;
				GCC_WARN_UNUSED_VARIABLE = YES;
				IPHONEOS_DEPLOYMENT_TARGET = 16.1;
				MTL_ENABLE_DEBUG_INFO = INCLUDE_SOURCE;
				MTL_FAST_MATH = YES;
				ONLY_ACTIVE_ARCH = YES;
				SDKROOT = iphoneos;
				SWIFT_ACTIVE_COMPILATION_CONDITIONS = DEBUG;
				SWIFT_OPTIMIZATION_LEVEL = "-Onone";
			};
			name = Debug;
		};
		A413854B2937524B00039CAD /* Release */ = {
			isa = XCBuildConfiguration;
			buildSettings = {
				ALWAYS_SEARCH_USER_PATHS = NO;
				CLANG_ANALYZER_NONNULL = YES;
				CLANG_ANALYZER_NUMBER_OBJECT_CONVERSION = YES_AGGRESSIVE;
				CLANG_CXX_LANGUAGE_STANDARD = "gnu++20";
				CLANG_ENABLE_MODULES = YES;
				CLANG_ENABLE_OBJC_ARC = YES;
				CLANG_ENABLE_OBJC_WEAK = YES;
				CLANG_WARN_BLOCK_CAPTURE_AUTORELEASING = YES;
				CLANG_WARN_BOOL_CONVERSION = YES;
				CLANG_WARN_COMMA = YES;
				CLANG_WARN_CONSTANT_CONVERSION = YES;
				CLANG_WARN_DEPRECATED_OBJC_IMPLEMENTATIONS = YES;
				CLANG_WARN_DIRECT_OBJC_ISA_USAGE = YES_ERROR;
				CLANG_WARN_DOCUMENTATION_COMMENTS = YES;
				CLANG_WARN_EMPTY_BODY = YES;
				CLANG_WARN_ENUM_CONVERSION = YES;
				CLANG_WARN_INFINITE_RECURSION = YES;
				CLANG_WARN_INT_CONVERSION = YES;
				CLANG_WARN_NON_LITERAL_NULL_CONVERSION = YES;
				CLANG_WARN_OBJC_IMPLICIT_RETAIN_SELF = YES;
				CLANG_WARN_OBJC_LITERAL_CONVERSION = YES;
				CLANG_WARN_OBJC_ROOT_CLASS = YES_ERROR;
				CLANG_WARN_QUOTED_INCLUDE_IN_FRAMEWORK_HEADER = YES;
				CLANG_WARN_RANGE_LOOP_ANALYSIS = YES;
				CLANG_WARN_STRICT_PROTOTYPES = YES;
				CLANG_WARN_SUSPICIOUS_MOVE = YES;
				CLANG_WARN_UNGUARDED_AVAILABILITY = YES_AGGRESSIVE;
				CLANG_WARN_UNREACHABLE_CODE = YES;
				CLANG_WARN__DUPLICATE_METHOD_MATCH = YES;
				COPY_PHASE_STRIP = NO;
				DEBUG_INFORMATION_FORMAT = "dwarf-with-dsym";
				ENABLE_NS_ASSERTIONS = NO;
				ENABLE_STRICT_OBJC_MSGSEND = YES;
				GCC_C_LANGUAGE_STANDARD = gnu11;
				GCC_NO_COMMON_BLOCKS = YES;
				GCC_WARN_64_TO_32_BIT_CONVERSION = YES;
				GCC_WARN_ABOUT_RETURN_TYPE = YES_ERROR;
				GCC_WARN_UNDECLARED_SELECTOR = YES;
				GCC_WARN_UNINITIALIZED_AUTOS = YES_AGGRESSIVE;
				GCC_WARN_UNUSED_FUNCTION = YES;
				GCC_WARN_UNUSED_VARIABLE = YES;
				IPHONEOS_DEPLOYMENT_TARGET = 16.1;
				MTL_ENABLE_DEBUG_INFO = NO;
				MTL_FAST_MATH = YES;
				SDKROOT = iphoneos;
				SWIFT_COMPILATION_MODE = wholemodule;
				SWIFT_OPTIMIZATION_LEVEL = "-O";
				VALIDATE_PRODUCT = YES;
			};
			name = Release;
		};
		A413854D2937524B00039CAD /* Debug */ = {
			isa = XCBuildConfiguration;
			baseConfigurationReference = C7DA0171937378DD1D29D047 /* Pods-videopicker.debug.xcconfig */;
			buildSettings = {
				ASSETCATALOG_COMPILER_APPICON_NAME = AppIcon;
				ASSETCATALOG_COMPILER_GLOBAL_ACCENT_COLOR_NAME = AccentColor;
				CODE_SIGN_STYLE = Automatic;
				CURRENT_PROJECT_VERSION = 1;
				DEVELOPMENT_ASSET_PATHS = "\"videopicker/Preview Content\"";
				DEVELOPMENT_TEAM = M7HYG8CS9X;
				ENABLE_PREVIEWS = YES;
				GENERATE_INFOPLIST_FILE = YES;
				INFOPLIST_KEY_NSCameraUsageDescription = "To take Video";
				INFOPLIST_KEY_NSMicrophoneUsageDescription = "To take Video";
				INFOPLIST_KEY_NSPhotoLibraryUsageDescription = "To take Video and photo";
				INFOPLIST_KEY_UIApplicationSceneManifest_Generation = YES;
				INFOPLIST_KEY_UIApplicationSupportsIndirectInputEvents = YES;
				INFOPLIST_KEY_UILaunchScreen_Generation = YES;
				INFOPLIST_KEY_UISupportedInterfaceOrientations_iPad = "UIInterfaceOrientationPortrait UIInterfaceOrientationPortraitUpsideDown UIInterfaceOrientationLandscapeLeft UIInterfaceOrientationLandscapeRight";
				INFOPLIST_KEY_UISupportedInterfaceOrientations_iPhone = "UIInterfaceOrientationPortrait UIInterfaceOrientationLandscapeLeft UIInterfaceOrientationLandscapeRight";
				IPHONEOS_DEPLOYMENT_TARGET = 15.0;
				LD_RUNPATH_SEARCH_PATHS = (
					"$(inherited)",
					"@executable_path/Frameworks",
				);
				MARKETING_VERSION = 1.0;
				PRODUCT_BUNDLE_IDENTIFIER = com.angeldev.videopickertest;
				PRODUCT_NAME = "$(TARGET_NAME)";
				SWIFT_EMIT_LOC_STRINGS = YES;
				SWIFT_VERSION = 5.0;
				TARGETED_DEVICE_FAMILY = "1,2";
			};
			name = Debug;
		};
		A413854E2937524B00039CAD /* Release */ = {
			isa = XCBuildConfiguration;
			baseConfigurationReference = 7E5778CFFF99927A2DEA3148 /* Pods-videopicker.release.xcconfig */;
			buildSettings = {
				ASSETCATALOG_COMPILER_APPICON_NAME = AppIcon;
				ASSETCATALOG_COMPILER_GLOBAL_ACCENT_COLOR_NAME = AccentColor;
				CODE_SIGN_STYLE = Automatic;
				CURRENT_PROJECT_VERSION = 1;
				DEVELOPMENT_ASSET_PATHS = "\"videopicker/Preview Content\"";
				DEVELOPMENT_TEAM = M7HYG8CS9X;
				ENABLE_PREVIEWS = YES;
				GENERATE_INFOPLIST_FILE = YES;
				INFOPLIST_KEY_NSCameraUsageDescription = "To take Video";
				INFOPLIST_KEY_NSMicrophoneUsageDescription = "To take Video";
				INFOPLIST_KEY_NSPhotoLibraryUsageDescription = "To take Video and photo";
				INFOPLIST_KEY_UIApplicationSceneManifest_Generation = YES;
				INFOPLIST_KEY_UIApplicationSupportsIndirectInputEvents = YES;
				INFOPLIST_KEY_UILaunchScreen_Generation = YES;
				INFOPLIST_KEY_UISupportedInterfaceOrientations_iPad = "UIInterfaceOrientationPortrait UIInterfaceOrientationPortraitUpsideDown UIInterfaceOrientationLandscapeLeft UIInterfaceOrientationLandscapeRight";
				INFOPLIST_KEY_UISupportedInterfaceOrientations_iPhone = "UIInterfaceOrientationPortrait UIInterfaceOrientationLandscapeLeft UIInterfaceOrientationLandscapeRight";
				IPHONEOS_DEPLOYMENT_TARGET = 15.0;
				LD_RUNPATH_SEARCH_PATHS = (
					"$(inherited)",
					"@executable_path/Frameworks",
				);
				MARKETING_VERSION = 1.0;
				PRODUCT_BUNDLE_IDENTIFIER = com.angeldev.videopickertest;
				PRODUCT_NAME = "$(TARGET_NAME)";
				SWIFT_EMIT_LOC_STRINGS = YES;
				SWIFT_VERSION = 5.0;
				TARGETED_DEVICE_FAMILY = "1,2";
			};
			name = Release;
		};
/* End XCBuildConfiguration section */

/* Begin XCConfigurationList section */
		A41385392937524A00039CAD /* Build configuration list for PBXProject "videopicker" */ = {
			isa = XCConfigurationList;
			buildConfigurations = (
				A413854A2937524B00039CAD /* Debug */,
				A413854B2937524B00039CAD /* Release */,
			);
			defaultConfigurationIsVisible = 0;
			defaultConfigurationName = Release;
		};
		A413854C2937524B00039CAD /* Build configuration list for PBXNativeTarget "videopicker" */ = {
			isa = XCConfigurationList;
			buildConfigurations = (
				A413854D2937524B00039CAD /* Debug */,
				A413854E2937524B00039CAD /* Release */,
			);
			defaultConfigurationIsVisible = 0;
			defaultConfigurationName = Release;
		};
/* End XCConfigurationList section */
	};
	rootObject = A41385362937524A00039CAD /* Project object */;
}
